{
  "requires": true,
  "lockfileVersion": 1,
  "dependencies": {
    "@types/node": {
      "version": "12.12.53",
      "resolved": "https://registry.npmjs.org/@types/node/-/node-12.12.53.tgz",
      "integrity": "sha512-51MYTDTyCziHb70wtGNFRwB4l+5JNvdqzFSkbDvpbftEgVUBEE+T5f7pROhWMp/fxp07oNIEQZd5bbfAH22ohQ==",
      "dev": true
    },
    "gif-writer": {
      "version": "0.9.3",
      "resolved": "https://registry.npmjs.org/gif-writer/-/gif-writer-0.9.3.tgz",
      "integrity": "sha1-0nbwlRBKMqC557tl4Mn9QPs1bQ8="
    },
    "typescript": {
      "version": "3.9.7",
      "resolved": "https://registry.npmjs.org/typescript/-/typescript-3.9.7.tgz",
      "integrity": "sha512-BLbiRkiBzAwsjut4x/dsibSTB6yWpwT5qWmC2OfuCg3GgVQCSgMs4vEctYPhsaGtd0AeuuHMkjZ2h2WG8MSzRw==",
      "dev": true
    }
  }
}
